// !$*UTF8*$!
{
	archiveVersion = 1;
	classes = {
	};
	objectVersion = 56;
	objects = {

/* Begin PBXBuildFile section */
		A626626E2DBABCC3002B708D /* ProfileView.swift in Sources */ = {isa = PBXBuildFile; fileRef = A626626D2DBABCC3002B708D /* ProfileView.swift */; };
		A62AEED72B86B83E003ECB8E /* LocalGroup.swift in Sources */ = {isa = PBXBuildFile; fileRef = A62AEED62B86B83E003ECB8E /* LocalGroup.swift */; };
		A6ACF7A92B0C070B00400842 /* RaokItemView.swift in Sources */ = {isa = PBXBuildFile; fileRef = A6ACF7A82B0C070B00400842 /* RaokItemView.swift */; };
		A6ACF7AD2B0C0A7900400842 /* Actions.swift in Sources */ = {isa = PBXBuildFile; fileRef = A6ACF7AC2B0C0A7900400842 /* Actions.swift */; };
		A6B883662B8412F6001A64C7 /* Stats.swift in Sources */ = {isa = PBXBuildFile; fileRef = A6B883652B8412F6001A64C7 /* Stats.swift */; };
		A6BD30A12B6069010080FCB4 /* HomeView.swift in Sources */ = {isa = PBXBuildFile; fileRef = A6BD30A02B6069010080FCB4 /* HomeView.swift */; };
		A6BD30A32B6072390080FCB4 /* CustomTaskView.swift in Sources */ = {isa = PBXBuildFile; fileRef = A6BD30A22B6072390080FCB4 /* CustomTaskView.swift */; };
		A6BD30A52B6074790080FCB4 /* HistoryView.swift in Sources */ = {isa = PBXBuildFile; fileRef = A6BD30A42B6074790080FCB4 /* HistoryView.swift */; };
		A6BD30A72B607A4D0080FCB4 /* LocalUserTask.swift in Sources */ = {isa = PBXBuildFile; fileRef = A6BD30A62B607A4D0080FCB4 /* LocalUserTask.swift */; };
		A6BD30A92B6404060080FCB4 /* UserTaskView.swift in Sources */ = {isa = PBXBuildFile; fileRef = A6BD30A82B6404060080FCB4 /* UserTaskView.swift */; };
		A6BD30AB2B670C220080FCB4 /* DailyTaskView.swift in Sources */ = {isa = PBXBuildFile; fileRef = A6BD30AA2B670C220080FCB4 /* DailyTaskView.swift */; };
		A6C2798F2B3CE12C0099C8DA /* User.swift in Sources */ = {isa = PBXBuildFile; fileRef = A6C2798E2B3CE12C0099C8DA /* User.swift */; };
		A6C279912B3F4CF30099C8DA /* QuoteX.swift in Sources */ = {isa = PBXBuildFile; fileRef = A6C279902B3F4CF30099C8DA /* QuoteX.swift */; };
		A6C279932B44D5A00099C8DA /* KTask.swift in Sources */ = {isa = PBXBuildFile; fileRef = A6C279922B44D5A00099C8DA /* KTask.swift */; };
		A6D5F9C22B07B9960047C7A1 /* randomactsApp.swift in Sources */ = {isa = PBXBuildFile; fileRef = A6D5F9C12B07B9960047C7A1 /* randomactsApp.swift */; };
		A6D5F9C42B07B9960047C7A1 /* ContentView.swift in Sources */ = {isa = PBXBuildFile; fileRef = A6D5F9C32B07B9960047C7A1 /* ContentView.swift */; };
		A6D5F9C62B07B9970047C7A1 /* Assets.xcassets in Resources */ = {isa = PBXBuildFile; fileRef = A6D5F9C52B07B9970047C7A1 /* Assets.xcassets */; };
		A6D5F9C92B07B9970047C7A1 /* Preview Assets.xcassets in Resources */ = {isa = PBXBuildFile; fileRef = A6D5F9C82B07B9970047C7A1 /* Preview Assets.xcassets */; };
		A6D5F9D32B07B9970047C7A1 /* randomactsTests.swift in Sources */ = {isa = PBXBuildFile; fileRef = A6D5F9D22B07B9970047C7A1 /* randomactsTests.swift */; };
		A6D5F9DD2B07B9970047C7A1 /* randomactsUITests.swift in Sources */ = {isa = PBXBuildFile; fileRef = A6D5F9DC2B07B9970047C7A1 /* randomactsUITests.swift */; };
		A6D5F9DF2B07B9970047C7A1 /* randomactsUITestsLaunchTests.swift in Sources */ = {isa = PBXBuildFile; fileRef = A6D5F9DE2B07B9970047C7A1 /* randomactsUITestsLaunchTests.swift */; };
/* End PBXBuildFile section */

/* Begin PBXContainerItemProxy section */
		A6D5F9CF2B07B9970047C7A1 /* PBXContainerItemProxy */ = {
			isa = PBXContainerItemProxy;
			containerPortal = A6D5F9B62B07B9960047C7A1 /* Project object */;
			proxyType = 1;
			remoteGlobalIDString = A6D5F9BD2B07B9960047C7A1;
			remoteInfo = randomacts;
		};
		A6D5F9D92B07B9970047C7A1 /* PBXContainerItemProxy */ = {
			isa = PBXContainerItemProxy;
			containerPortal = A6D5F9B62B07B9960047C7A1 /* Project object */;
			proxyType = 1;
			remoteGlobalIDString = A6D5F9BD2B07B9960047C7A1;
			remoteInfo = randomacts;
		};
/* End PBXContainerItemProxy section */

/* Begin PBXFileReference section */
		A626626D2DBABCC3002B708D /* ProfileView.swift */ = {isa = PBXFileReference; lastKnownFileType = sourcecode.swift; path = ProfileView.swift; sourceTree = "<group>"; };
		A62AEED62B86B83E003ECB8E /* LocalGroup.swift */ = {isa = PBXFileReference; lastKnownFileType = sourcecode.swift; path = LocalGroup.swift; sourceTree = "<group>"; };
		A6ACF7A82B0C070B00400842 /* RaokItemView.swift */ = {isa = PBXFileReference; lastKnownFileType = sourcecode.swift; path = RaokItemView.swift; sourceTree = "<group>"; };
		A6ACF7AC2B0C0A7900400842 /* Actions.swift */ = {isa = PBXFileReference; lastKnownFileType = sourcecode.swift; path = Actions.swift; sourceTree = "<group>"; };
		A6B883652B8412F6001A64C7 /* Stats.swift */ = {isa = PBXFileReference; lastKnownFileType = sourcecode.swift; path = Stats.swift; sourceTree = "<group>"; };
		A6BD30A02B6069010080FCB4 /* HomeView.swift */ = {isa = PBXFileReference; lastKnownFileType = sourcecode.swift; path = HomeView.swift; sourceTree = "<group>"; };
		A6BD30A22B6072390080FCB4 /* CustomTaskView.swift */ = {isa = PBXFileReference; lastKnownFileType = sourcecode.swift; path = CustomTaskView.swift; sourceTree = "<group>"; };
		A6BD30A42B6074790080FCB4 /* HistoryView.swift */ = {isa = PBXFileReference; lastKnownFileType = sourcecode.swift; path = HistoryView.swift; sourceTree = "<group>"; };
		A6BD30A62B607A4D0080FCB4 /* LocalUserTask.swift */ = {isa = PBXFileReference; lastKnownFileType = sourcecode.swift; path = LocalUserTask.swift; sourceTree = "<group>"; };
		A6BD30A82B6404060080FCB4 /* UserTaskView.swift */ = {isa = PBXFileReference; lastKnownFileType = sourcecode.swift; path = UserTaskView.swift; sourceTree = "<group>"; };
		A6BD30AA2B670C220080FCB4 /* DailyTaskView.swift */ = {isa = PBXFileReference; lastKnownFileType = sourcecode.swift; path = DailyTaskView.swift; sourceTree = "<group>"; };
		A6C2798E2B3CE12C0099C8DA /* User.swift */ = {isa = PBXFileReference; lastKnownFileType = sourcecode.swift; path = User.swift; sourceTree = "<group>"; };
		A6C279902B3F4CF30099C8DA /* QuoteX.swift */ = {isa = PBXFileReference; lastKnownFileType = sourcecode.swift; path = QuoteX.swift; sourceTree = "<group>"; };
		A6C279922B44D5A00099C8DA /* KTask.swift */ = {isa = PBXFileReference; lastKnownFileType = sourcecode.swift; path = KTask.swift; sourceTree = "<group>"; };
		A6D5F9BE2B07B9960047C7A1 /* randomacts.app */ = {isa = PBXFileReference; explicitFileType = wrapper.application; includeInIndex = 0; path = randomacts.app; sourceTree = BUILT_PRODUCTS_DIR; };
		A6D5F9C12B07B9960047C7A1 /* randomactsApp.swift */ = {isa = PBXFileReference; lastKnownFileType = sourcecode.swift; path = randomactsApp.swift; sourceTree = "<group>"; };
		A6D5F9C32B07B9960047C7A1 /* ContentView.swift */ = {isa = PBXFileReference; lastKnownFileType = sourcecode.swift; path = ContentView.swift; sourceTree = "<group>"; };
		A6D5F9C52B07B9970047C7A1 /* Assets.xcassets */ = {isa = PBXFileReference; lastKnownFileType = folder.assetcatalog; path = Assets.xcassets; sourceTree = "<group>"; };
		A6D5F9C82B07B9970047C7A1 /* Preview Assets.xcassets */ = {isa = PBXFileReference; lastKnownFileType = folder.assetcatalog; path = "Preview Assets.xcassets"; sourceTree = "<group>"; };
		A6D5F9CE2B07B9970047C7A1 /* randomactsTests.xctest */ = {isa = PBXFileReference; explicitFileType = wrapper.cfbundle; includeInIndex = 0; path = randomactsTests.xctest; sourceTree = BUILT_PRODUCTS_DIR; };
		A6D5F9D22B07B9970047C7A1 /* randomactsTests.swift */ = {isa = PBXFileReference; lastKnownFileType = sourcecode.swift; path = randomactsTests.swift; sourceTree = "<group>"; };
		A6D5F9D82B07B9970047C7A1 /* randomactsUITests.xctest */ = {isa = PBXFileReference; explicitFileType = wrapper.cfbundle; includeInIndex = 0; path = randomactsUITests.xctest; sourceTree = BUILT_PRODUCTS_DIR; };
		A6D5F9DC2B07B9970047C7A1 /* randomactsUITests.swift */ = {isa = PBXFileReference; lastKnownFileType = sourcecode.swift; path = randomactsUITests.swift; sourceTree = "<group>"; };
		A6D5F9DE2B07B9970047C7A1 /* randomactsUITestsLaunchTests.swift */ = {isa = PBXFileReference; lastKnownFileType = sourcecode.swift; path = randomactsUITestsLaunchTests.swift; sourceTree = "<group>"; };
/* End PBXFileReference section */

/* Begin PBXFrameworksBuildPhase section */
		A6D5F9BB2B07B9960047C7A1 /* Frameworks */ = {
			isa = PBXFrameworksBuildPhase;
			buildActionMask = 2147483647;
			files = (
			);
			runOnlyForDeploymentPostprocessing = 0;
		};
		A6D5F9CB2B07B9970047C7A1 /* Frameworks */ = {
			isa = PBXFrameworksBuildPhase;
			buildActionMask = 2147483647;
			files = (
			);
			runOnlyForDeploymentPostprocessing = 0;
		};
		A6D5F9D52B07B9970047C7A1 /* Frameworks */ = {
			isa = PBXFrameworksBuildPhase;
			buildActionMask = 2147483647;
			files = (
			);
			runOnlyForDeploymentPostprocessing = 0;
		};
/* End PBXFrameworksBuildPhase section */

/* Begin PBXGroup section */
		A6ACF7AA2B0C09EF00400842 /* Views */ = {
			isa = PBXGroup;
			children = (
				A6ACF7A82B0C070B00400842 /* RaokItemView.swift */,
				A6D5F9C32B07B9960047C7A1 /* ContentView.swift */,
				A6BD30A02B6069010080FCB4 /* HomeView.swift */,
				A6BD30AA2B670C220080FCB4 /* DailyTaskView.swift */,
				A6BD30A22B6072390080FCB4 /* CustomTaskView.swift */,
				A6BD30A42B6074790080FCB4 /* HistoryView.swift */,
				A6BD30A82B6404060080FCB4 /* UserTaskView.swift */,
				A626626D2DBABCC3002B708D /* ProfileView.swift */,
			);
			path = Views;
			sourceTree = "<group>";
		};
		A6ACF7AB2B0C0A2A00400842 /* Model */ = {
			isa = PBXGroup;
			children = (
				A6ACF7AC2B0C0A7900400842 /* Actions.swift */,
				A6C2798E2B3CE12C0099C8DA /* User.swift */,
				A6C279902B3F4CF30099C8DA /* QuoteX.swift */,
				A6C279922B44D5A00099C8DA /* KTask.swift */,
				A6BD30A62B607A4D0080FCB4 /* LocalUserTask.swift */,
				A6B883652B8412F6001A64C7 /* Stats.swift */,
				A62AEED62B86B83E003ECB8E /* LocalGroup.swift */,
			);
			path = Model;
			sourceTree = "<group>";
		};
		A6D5F9B52B07B9960047C7A1 = {
			isa = PBXGroup;
			children = (
				A6D5F9C02B07B9960047C7A1 /* randomacts */,
				A6D5F9D12B07B9970047C7A1 /* randomactsTests */,
				A6D5F9DB2B07B9970047C7A1 /* randomactsUITests */,
				A6D5F9BF2B07B9960047C7A1 /* Products */,
			);
			sourceTree = "<group>";
		};
		A6D5F9BF2B07B9960047C7A1 /* Products */ = {
			isa = PBXGroup;
			children = (
				A6D5F9BE2B07B9960047C7A1 /* randomacts.app */,
				A6D5F9CE2B07B9970047C7A1 /* randomactsTests.xctest */,
				A6D5F9D82B07B9970047C7A1 /* randomactsUITests.xctest */,
			);
			name = Products;
			sourceTree = "<group>";
		};
		A6D5F9C02B07B9960047C7A1 /* randomacts */ = {
			isa = PBXGroup;
			children = (
				A6ACF7AB2B0C0A2A00400842 /* Model */,
				A6ACF7AA2B0C09EF00400842 /* Views */,
				A6D5F9C12B07B9960047C7A1 /* randomactsApp.swift */,
				A6D5F9C52B07B9970047C7A1 /* Assets.xcassets */,
				A6D5F9C72B07B9970047C7A1 /* Preview Content */,
			);
			path = randomacts;
			sourceTree = "<group>";
		};
		A6D5F9C72B07B9970047C7A1 /* Preview Content */ = {
			isa = PBXGroup;
			children = (
				A6D5F9C82B07B9970047C7A1 /* Preview Assets.xcassets */,
			);
			path = "Preview Content";
			sourceTree = "<group>";
		};
		A6D5F9D12B07B9970047C7A1 /* randomactsTests */ = {
			isa = PBXGroup;
			children = (
				A6D5F9D22B07B9970047C7A1 /* randomactsTests.swift */,
			);
			path = randomactsTests;
			sourceTree = "<group>";
		};
		A6D5F9DB2B07B9970047C7A1 /* randomactsUITests */ = {
			isa = PBXGroup;
			children = (
				A6D5F9DC2B07B9970047C7A1 /* randomactsUITests.swift */,
				A6D5F9DE2B07B9970047C7A1 /* randomactsUITestsLaunchTests.swift */,
			);
			path = randomactsUITests;
			sourceTree = "<group>";
		};
/* End PBXGroup section */

/* Begin PBXNativeTarget section */
		A6D5F9BD2B07B9960047C7A1 /* randomacts */ = {
			isa = PBXNativeTarget;
			buildConfigurationList = A6D5F9E22B07B9970047C7A1 /* Build configuration list for PBXNativeTarget "randomacts" */;
			buildPhases = (
				A6D5F9BA2B07B9960047C7A1 /* Sources */,
				A6D5F9BB2B07B9960047C7A1 /* Frameworks */,
				A6D5F9BC2B07B9960047C7A1 /* Resources */,
			);
			buildRules = (
			);
			dependencies = (
			);
			name = randomacts;
			productName = randomacts;
			productReference = A6D5F9BE2B07B9960047C7A1 /* randomacts.app */;
			productType = "com.apple.product-type.application";
		};
		A6D5F9CD2B07B9970047C7A1 /* randomactsTests */ = {
			isa = PBXNativeTarget;
			buildConfigurationList = A6D5F9E52B07B9970047C7A1 /* Build configuration list for PBXNativeTarget "randomactsTests" */;
			buildPhases = (
				A6D5F9CA2B07B9970047C7A1 /* Sources */,
				A6D5F9CB2B07B9970047C7A1 /* Frameworks */,
				A6D5F9CC2B07B9970047C7A1 /* Resources */,
			);
			buildRules = (
			);
			dependencies = (
				A6D5F9D02B07B9970047C7A1 /* PBXTargetDependency */,
			);
			name = randomactsTests;
			productName = randomactsTests;
			productReference = A6D5F9CE2B07B9970047C7A1 /* randomactsTests.xctest */;
			productType = "com.apple.product-type.bundle.unit-test";
		};
		A6D5F9D72B07B9970047C7A1 /* randomactsUITests */ = {
			isa = PBXNativeTarget;
			buildConfigurationList = A6D5F9E82B07B9970047C7A1 /* Build configuration list for PBXNativeTarget "randomactsUITests" */;
			buildPhases = (
				A6D5F9D42B07B9970047C7A1 /* Sources */,
				A6D5F9D52B07B9970047C7A1 /* Frameworks */,
				A6D5F9D62B07B9970047C7A1 /* Resources */,
			);
			buildRules = (
			);
			dependencies = (
				A6D5F9DA2B07B9970047C7A1 /* PBXTargetDependency */,
			);
			name = randomactsUITests;
			productName = randomactsUITests;
			productReference = A6D5F9D82B07B9970047C7A1 /* randomactsUITests.xctest */;
			productType = "com.apple.product-type.bundle.ui-testing";
		};
/* End PBXNativeTarget section */

/* Begin PBXProject section */
		A6D5F9B62B07B9960047C7A1 /* Project object */ = {
			isa = PBXProject;
			attributes = {
				BuildIndependentTargetsInParallel = 1;
				LastSwiftUpdateCheck = 1500;
				LastUpgradeCheck = 1500;
				TargetAttributes = {
					A6D5F9BD2B07B9960047C7A1 = {
						CreatedOnToolsVersion = 15.0;
					};
					A6D5F9CD2B07B9970047C7A1 = {
						CreatedOnToolsVersion = 15.0;
						TestTargetID = A6D5F9BD2B07B9960047C7A1;
					};
					A6D5F9D72B07B9970047C7A1 = {
						CreatedOnToolsVersion = 15.0;
						TestTargetID = A6D5F9BD2B07B9960047C7A1;
					};
				};
			};
			buildConfigurationList = A6D5F9B92B07B9960047C7A1 /* Build configuration list for PBXProject "randomacts" */;
			compatibilityVersion = "Xcode 14.0";
			developmentRegion = en;
			hasScannedForEncodings = 0;
			knownRegions = (
				en,
				Base,
			);
			mainGroup = A6D5F9B52B07B9960047C7A1;
			productRefGroup = A6D5F9BF2B07B9960047C7A1 /* Products */;
			projectDirPath = "";
			projectRoot = "";
			targets = (
				A6D5F9BD2B07B9960047C7A1 /* randomacts */,
				A6D5F9CD2B07B9970047C7A1 /* randomactsTests */,
				A6D5F9D72B07B9970047C7A1 /* randomactsUITests */,
			);
		};
/* End PBXProject section */

/* Begin PBXResourcesBuildPhase section */
		A6D5F9BC2B07B9960047C7A1 /* Resources */ = {
			isa = PBXResourcesBuildPhase;
			buildActionMask = 2147483647;
			files = (
				A6D5F9C92B07B9970047C7A1 /* Preview Assets.xcassets in Resources */,
				A6D5F9C62B07B9970047C7A1 /* Assets.xcassets in Resources */,
			);
			runOnlyForDeploymentPostprocessing = 0;
		};
		A6D5F9CC2B07B9970047C7A1 /* Resources */ = {
			isa = PBXResourcesBuildPhase;
			buildActionMask = 2147483647;
			files = (
			);
			runOnlyForDeploymentPostprocessing = 0;
		};
		A6D5F9D62B07B9970047C7A1 /* Resources */ = {
			isa = PBXResourcesBuildPhase;
			buildActionMask = 2147483647;
			files = (
			);
			runOnlyForDeploymentPostprocessing = 0;
		};
/* End PBXResourcesBuildPhase section */

/* Begin PBXSourcesBuildPhase section */
		A6D5F9BA2B07B9960047C7A1 /* Sources */ = {
			isa = PBXSourcesBuildPhase;
			buildActionMask = 2147483647;
			files = (
				A6D5F9C42B07B9960047C7A1 /* ContentView.swift in Sources */,
				A62AEED72B86B83E003ECB8E /* LocalGroup.swift in Sources */,
				A6BD30AB2B670C220080FCB4 /* DailyTaskView.swift in Sources */,
				A6ACF7AD2B0C0A7900400842 /* Actions.swift in Sources */,
				A6B883662B8412F6001A64C7 /* Stats.swift in Sources */,
				A6ACF7A92B0C070B00400842 /* RaokItemView.swift in Sources */,
				A6C279912B3F4CF30099C8DA /* QuoteX.swift in Sources */,
				A6C2798F2B3CE12C0099C8DA /* User.swift in Sources */,
				A626626E2DBABCC3002B708D /* ProfileView.swift in Sources */,
				A6BD30A12B6069010080FCB4 /* HomeView.swift in Sources */,
				A6BD30A92B6404060080FCB4 /* UserTaskView.swift in Sources */,
				A6BD30A32B6072390080FCB4 /* CustomTaskView.swift in Sources */,
				A6BD30A52B6074790080FCB4 /* HistoryView.swift in Sources */,
				A6D5F9C22B07B9960047C7A1 /* randomactsApp.swift in Sources */,
				A6C279932B44D5A00099C8DA /* KTask.swift in Sources */,
				A6BD30A72B607A4D0080FCB4 /* LocalUserTask.swift in Sources */,
			);
			runOnlyForDeploymentPostprocessing = 0;
		};
		A6D5F9CA2B07B9970047C7A1 /* Sources */ = {
			isa = PBXSourcesBuildPhase;
			buildActionMask = 2147483647;
			files = (
				A6D5F9D32B07B9970047C7A1 /* randomactsTests.swift in Sources */,
			);
			runOnlyForDeploymentPostprocessing = 0;
		};
		A6D5F9D42B07B9970047C7A1 /* Sources */ = {
			isa = PBXSourcesBuildPhase;
			buildActionMask = 2147483647;
			files = (
				A6D5F9DF2B07B9970047C7A1 /* randomactsUITestsLaunchTests.swift in Sources */,
				A6D5F9DD2B07B9970047C7A1 /* randomactsUITests.swift in Sources */,
			);
			runOnlyForDeploymentPostprocessing = 0;
		};
/* End PBXSourcesBuildPhase section */

/* Begin PBXTargetDependency section */
		A6D5F9D02B07B9970047C7A1 /* PBXTargetDependency */ = {
			isa = PBXTargetDependency;
			target = A6D5F9BD2B07B9960047C7A1 /* randomacts */;
			targetProxy = A6D5F9CF2B07B9970047C7A1 /* PBXContainerItemProxy */;
		};
		A6D5F9DA2B07B9970047C7A1 /* PBXTargetDependency */ = {
			isa = PBXTargetDependency;
			target = A6D5F9BD2B07B9960047C7A1 /* randomacts */;
			targetProxy = A6D5F9D92B07B9970047C7A1 /* PBXContainerItemProxy */;
		};
/* End PBXTargetDependency section */

/* Begin XCBuildConfiguration section */
		A6D5F9E02B07B9970047C7A1 /* Debug */ = {
			isa = XCBuildConfiguration;
			buildSettings = {
				ALWAYS_SEARCH_USER_PATHS = NO;
				ASSETCATALOG_COMPILER_GENERATE_SWIFT_ASSET_SYMBOL_EXTENSIONS = YES;
				CLANG_ANALYZER_NONNULL = YES;
				CLANG_ANALYZER_NUMBER_OBJECT_CONVERSION = YES_AGGRESSIVE;
				CLANG_CXX_LANGUAGE_STANDARD = "gnu++20";
				CLANG_ENABLE_MODULES = YES;
				CLANG_ENABLE_OBJC_ARC = YES;
				CLANG_ENABLE_OBJC_WEAK = YES;
				CLANG_WARN_BLOCK_CAPTURE_AUTORELEASING = YES;
				CLANG_WARN_BOOL_CONVERSION = YES;
				CLANG_WARN_COMMA = YES;
				CLANG_WARN_CONSTANT_CONVERSION = YES;
				CLANG_WARN_DEPRECATED_OBJC_IMPLEMENTATIONS = YES;
				CLANG_WARN_DIRECT_OBJC_ISA_USAGE = YES_ERROR;
				CLANG_WARN_DOCUMENTATION_COMMENTS = YES;
				CLANG_WARN_EMPTY_BODY = YES;
				CLANG_WARN_ENUM_CONVERSION = YES;
				CLANG_WARN_INFINITE_RECURSION = YES;
				CLANG_WARN_INT_CONVERSION = YES;
				CLANG_WARN_NON_LITERAL_NULL_CONVERSION = YES;
				CLANG_WARN_OBJC_IMPLICIT_RETAIN_SELF = YES;
				CLANG_WARN_OBJC_LITERAL_CONVERSION = YES;
				CLANG_WARN_OBJC_ROOT_CLASS = YES_ERROR;
				CLANG_WARN_QUOTED_INCLUDE_IN_FRAMEWORK_HEADER = YES;
				CLANG_WARN_RANGE_LOOP_ANALYSIS = YES;
				CLANG_WARN_STRICT_PROTOTYPES = YES;
				CLANG_WARN_SUSPICIOUS_MOVE = YES;
				CLANG_WARN_UNGUARDED_AVAILABILITY = YES_AGGRESSIVE;
				CLANG_WARN_UNREACHABLE_CODE = YES;
				CLANG_WARN__DUPLICATE_METHOD_MATCH = YES;
				COPY_PHASE_STRIP = NO;
				DEBUG_INFORMATION_FORMAT = dwarf;
				ENABLE_STRICT_OBJC_MSGSEND = YES;
				ENABLE_TESTABILITY = YES;
				ENABLE_USER_SCRIPT_SANDBOXING = YES;
				GCC_C_LANGUAGE_STANDARD = gnu17;
				GCC_DYNAMIC_NO_PIC = NO;
				GCC_NO_COMMON_BLOCKS = YES;
				GCC_OPTIMIZATION_LEVEL = 0;
				GCC_PREPROCESSOR_DEFINITIONS = (
					"DEBUG=1",
					"$(inherited)",
				);
				GCC_WARN_64_TO_32_BIT_CONVERSION = YES;
				GCC_WARN_ABOUT_RETURN_TYPE = YES_ERROR;
				GCC_WARN_UNDECLARED_SELECTOR = YES;
				GCC_WARN_UNINITIALIZED_AUTOS = YES_AGGRESSIVE;
				GCC_WARN_UNUSED_FUNCTION = YES;
				GCC_WARN_UNUSED_VARIABLE = YES;
				IPHONEOS_DEPLOYMENT_TARGET = 17.0;
				LOCALIZATION_PREFERS_STRING_CATALOGS = YES;
				MTL_ENABLE_DEBUG_INFO = INCLUDE_SOURCE;
				MTL_FAST_MATH = YES;
				ONLY_ACTIVE_ARCH = YES;
				SDKROOT = iphoneos;
				SWIFT_ACTIVE_COMPILATION_CONDITIONS = "DEBUG $(inherited)";
				SWIFT_OPTIMIZATION_LEVEL = "-Onone";
			};
			name = Debug;
		};
		A6D5F9E12B07B9970047C7A1 /* Release */ = {
			isa = XCBuildConfiguration;
			buildSettings = {
				ALWAYS_SEARCH_USER_PATHS = NO;
				ASSETCATALOG_COMPILER_GENERATE_SWIFT_ASSET_SYMBOL_EXTENSIONS = YES;
				CLANG_ANALYZER_NONNULL = YES;
				CLANG_ANALYZER_NUMBER_OBJECT_CONVERSION = YES_AGGRESSIVE;
				CLANG_CXX_LANGUAGE_STANDARD = "gnu++20";
				CLANG_ENABLE_MODULES = YES;
				CLANG_ENABLE_OBJC_ARC = YES;
				CLANG_ENABLE_OBJC_WEAK = YES;
				CLANG_WARN_BLOCK_CAPTURE_AUTORELEASING = YES;
				CLANG_WARN_BOOL_CONVERSION = YES;
				CLANG_WARN_COMMA = YES;
				CLANG_WARN_CONSTANT_CONVERSION = YES;
				CLANG_WARN_DEPRECATED_OBJC_IMPLEMENTATIONS = YES;
				CLANG_WARN_DIRECT_OBJC_ISA_USAGE = YES_ERROR;
				CLANG_WARN_DOCUMENTATION_COMMENTS = YES;
				CLANG_WARN_EMPTY_BODY = YES;
				CLANG_WARN_ENUM_CONVERSION = YES;
				CLANG_WARN_INFINITE_RECURSION = YES;
				CLANG_WARN_INT_CONVERSION = YES;
				CLANG_WARN_NON_LITERAL_NULL_CONVERSION = YES;
				CLANG_WARN_OBJC_IMPLICIT_RETAIN_SELF = YES;
				CLANG_WARN_OBJC_LITERAL_CONVERSION = YES;
				CLANG_WARN_OBJC_ROOT_CLASS = YES_ERROR;
				CLANG_WARN_QUOTED_INCLUDE_IN_FRAMEWORK_HEADER = YES;
				CLANG_WARN_RANGE_LOOP_ANALYSIS = YES;
				CLANG_WARN_STRICT_PROTOTYPES = YES;
				CLANG_WARN_SUSPICIOUS_MOVE = YES;
				CLANG_WARN_UNGUARDED_AVAILABILITY = YES_AGGRESSIVE;
				CLANG_WARN_UNREACHABLE_CODE = YES;
				CLANG_WARN__DUPLICATE_METHOD_MATCH = YES;
				COPY_PHASE_STRIP = NO;
				DEBUG_INFORMATION_FORMAT = "dwarf-with-dsym";
				ENABLE_NS_ASSERTIONS = NO;
				ENABLE_STRICT_OBJC_MSGSEND = YES;
				ENABLE_USER_SCRIPT_SANDBOXING = YES;
				GCC_C_LANGUAGE_STANDARD = gnu17;
				GCC_NO_COMMON_BLOCKS = YES;
				GCC_WARN_64_TO_32_BIT_CONVERSION = YES;
				GCC_WARN_ABOUT_RETURN_TYPE = YES_ERROR;
				GCC_WARN_UNDECLARED_SELECTOR = YES;
				GCC_WARN_UNINITIALIZED_AUTOS = YES_AGGRESSIVE;
				GCC_WARN_UNUSED_FUNCTION = YES;
				GCC_WARN_UNUSED_VARIABLE = YES;
				IPHONEOS_DEPLOYMENT_TARGET = 17.0;
				LOCALIZATION_PREFERS_STRING_CATALOGS = YES;
				MTL_ENABLE_DEBUG_INFO = NO;
				MTL_FAST_MATH = YES;
				SDKROOT = iphoneos;
				SWIFT_COMPILATION_MODE = wholemodule;
				VALIDATE_PRODUCT = YES;
			};
			name = Release;
		};
		A6D5F9E32B07B9970047C7A1 /* Debug */ = {
			isa = XCBuildConfiguration;
			buildSettings = {
				ASSETCATALOG_COMPILER_APPICON_NAME = AppIcon;
				ASSETCATALOG_COMPILER_GLOBAL_ACCENT_COLOR_NAME = AccentColor;
				CODE_SIGN_STYLE = Automatic;
				CURRENT_PROJECT_VERSION = 1;
				DEVELOPMENT_ASSET_PATHS = "\"randomacts/Preview Content\"";
				DEVELOPMENT_TEAM = 2SRF5TLB8K;
				ENABLE_PREVIEWS = YES;
				GENERATE_INFOPLIST_FILE = YES;
				INFOPLIST_KEY_CFBundleDisplayName = "Random Acts of Kindness";
				INFOPLIST_KEY_LSApplicationCategoryType = "public.app-category.productivity";
				INFOPLIST_KEY_UIApplicationSceneManifest_Generation = YES;
				INFOPLIST_KEY_UIApplicationSupportsIndirectInputEvents = YES;
				INFOPLIST_KEY_UILaunchScreen_Generation = YES;
				INFOPLIST_KEY_UISupportedInterfaceOrientations_iPad = "UIInterfaceOrientationPortrait UIInterfaceOrientationPortraitUpsideDown UIInterfaceOrientationLandscapeLeft UIInterfaceOrientationLandscapeRight";
				INFOPLIST_KEY_UISupportedInterfaceOrientations_iPhone = "UIInterfaceOrientationPortrait UIInterfaceOrientationLandscapeLeft UIInterfaceOrientationLandscapeRight";
				LD_RUNPATH_SEARCH_PATHS = (
					"$(inherited)",
					"@executable_path/Frameworks",
				);
				MARKETING_VERSION = 1.27;
				PRODUCT_BUNDLE_IDENTIFIER = me.raok.randomacts;
				PRODUCT_NAME = "$(TARGET_NAME)";
				SWIFT_EMIT_LOC_STRINGS = YES;
				SWIFT_VERSION = 5.0;
				TARGETED_DEVICE_FAMILY = "1,2";
			};
			name = Debug;
		};
		A6D5F9E42B07B9970047C7A1 /* Release */ = {
			isa = XCBuildConfiguration;
			buildSettings = {
				ASSETCATALOG_COMPILER_APPICON_NAME = AppIcon;
				ASSETCATALOG_COMPILER_GLOBAL_ACCENT_COLOR_NAME = AccentColor;
				CODE_SIGN_STYLE = Automatic;
				CURRENT_PROJECT_VERSION = 1;
				DEVELOPMENT_ASSET_PATHS = "\"randomacts/Preview Content\"";
				DEVELOPMENT_TEAM = 2SRF5TLB8K;
				ENABLE_PREVIEWS = YES;
				GENERATE_INFOPLIST_FILE = YES;
				INFOPLIST_KEY_CFBundleDisplayName = "Random Acts of Kindness";
				INFOPLIST_KEY_LSApplicationCategoryType = "public.app-category.productivity";
				INFOPLIST_KEY_UIApplicationSceneManifest_Generation = YES;
				INFOPLIST_KEY_UIApplicationSupportsIndirectInputEvents = YES;
				INFOPLIST_KEY_UILaunchScreen_Generation = YES;
				INFOPLIST_KEY_UISupportedInterfaceOrientations_iPad = "UIInterfaceOrientationPortrait UIInterfaceOrientationPortraitUpsideDown UIInterfaceOrientationLandscapeLeft UIInterfaceOrientationLandscapeRight";
				INFOPLIST_KEY_UISupportedInterfaceOrientations_iPhone = "UIInterfaceOrientationPortrait UIInterfaceOrientationLandscapeLeft UIInterfaceOrientationLandscapeRight";
				LD_RUNPATH_SEARCH_PATHS = (
					"$(inherited)",
					"@executable_path/Frameworks",
				);
				MARKETING_VERSION = 1.27;
				PRODUCT_BUNDLE_IDENTIFIER = me.raok.randomacts;
				PRODUCT_NAME = "$(TARGET_NAME)";
				SWIFT_EMIT_LOC_STRINGS = YES;
				SWIFT_VERSION = 5.0;
				TARGETED_DEVICE_FAMILY = "1,2";
			};
			name = Release;
		};
		A6D5F9E62B07B9970047C7A1 /* Debug */ = {
			isa = XCBuildConfiguration;
			buildSettings = {
				ALWAYS_EMBED_SWIFT_STANDARD_LIBRARIES = YES;
				BUNDLE_LOADER = "$(TEST_HOST)";
				CODE_SIGN_STYLE = Automatic;
				CURRENT_PROJECT_VERSION = 1;
				DEVELOPMENT_TEAM = 2SRF5TLB8K;
				GENERATE_INFOPLIST_FILE = YES;
				IPHONEOS_DEPLOYMENT_TARGET = 17.0;
				MARKETING_VERSION = 1.0;
				PRODUCT_BUNDLE_IDENTIFIER = me.raok.randomactsTests;
				PRODUCT_NAME = "$(TARGET_NAME)";
				SWIFT_EMIT_LOC_STRINGS = NO;
				SWIFT_VERSION = 5.0;
				TARGETED_DEVICE_FAMILY = "1,2";
				TEST_HOST = "$(BUILT_PRODUCTS_DIR)/randomacts.app/$(BUNDLE_EXECUTABLE_FOLDER_PATH)/randomacts";
			};
			name = Debug;
		};
		A6D5F9E72B07B9970047C7A1 /* Release */ = {
			isa = XCBuildConfiguration;
			buildSettings = {
				ALWAYS_EMBED_SWIFT_STANDARD_LIBRARIES = YES;
				BUNDLE_LOADER = "$(TEST_HOST)";
				CODE_SIGN_STYLE = Automatic;
				CURRENT_PROJECT_VERSION = 1;
				DEVELOPMENT_TEAM = 2SRF5TLB8K;
				GENERATE_INFOPLIST_FILE = YES;
				IPHONEOS_DEPLOYMENT_TARGET = 17.0;
				MARKETING_VERSION = 1.0;
				PRODUCT_BUNDLE_IDENTIFIER = me.raok.randomactsTests;
				PRODUCT_NAME = "$(TARGET_NAME)";
				SWIFT_EMIT_LOC_STRINGS = NO;
				SWIFT_VERSION = 5.0;
				TARGETED_DEVICE_FAMILY = "1,2";
				TEST_HOST = "$(BUILT_PRODUCTS_DIR)/randomacts.app/$(BUNDLE_EXECUTABLE_FOLDER_PATH)/randomacts";
			};
			name = Release;
		};
		A6D5F9E92B07B9970047C7A1 /* Debug */ = {
			isa = XCBuildConfiguration;
			buildSettings = {
				ALWAYS_EMBED_SWIFT_STANDARD_LIBRARIES = YES;
				CODE_SIGN_STYLE = Automatic;
				CURRENT_PROJECT_VERSION = 1;
				DEVELOPMENT_TEAM = 2SRF5TLB8K;
				GENERATE_INFOPLIST_FILE = YES;
				MARKETING_VERSION = 1.0;
				PRODUCT_BUNDLE_IDENTIFIER = me.raok.randomactsUITests;
				PRODUCT_NAME = "$(TARGET_NAME)";
				SWIFT_EMIT_LOC_STRINGS = NO;
				SWIFT_VERSION = 5.0;
				TARGETED_DEVICE_FAMILY = "1,2";
				TEST_TARGET_NAME = randomacts;
			};
			name = Debug;
		};
		A6D5F9EA2B07B9970047C7A1 /* Release */ = {
			isa = XCBuildConfiguration;
			buildSettings = {
				ALWAYS_EMBED_SWIFT_STANDARD_LIBRARIES = YES;
				CODE_SIGN_STYLE = Automatic;
				CURRENT_PROJECT_VERSION = 1;
				DEVELOPMENT_TEAM = 2SRF5TLB8K;
				GENERATE_INFOPLIST_FILE = YES;
				MARKETING_VERSION = 1.0;
				PRODUCT_BUNDLE_IDENTIFIER = me.raok.randomactsUITests;
				PRODUCT_NAME = "$(TARGET_NAME)";
				SWIFT_EMIT_LOC_STRINGS = NO;
				SWIFT_VERSION = 5.0;
				TARGETED_DEVICE_FAMILY = "1,2";
				TEST_TARGET_NAME = randomacts;
			};
			name = Release;
		};
/* End XCBuildConfiguration section */

/* Begin XCConfigurationList section */
		A6D5F9B92B07B9960047C7A1 /* Build configuration list for PBXProject "randomacts" */ = {
			isa = XCConfigurationList;
			buildConfigurations = (
				A6D5F9E02B07B9970047C7A1 /* Debug */,
				A6D5F9E12B07B9970047C7A1 /* Release */,
			);
			defaultConfigurationIsVisible = 0;
			defaultConfigurationName = Release;
		};
		A6D5F9E22B07B9970047C7A1 /* Build configuration list for PBXNativeTarget "randomacts" */ = {
			isa = XCConfigurationList;
			buildConfigurations = (
				A6D5F9E32B07B9970047C7A1 /* Debug */,
				A6D5F9E42B07B9970047C7A1 /* Release */,
			);
			defaultConfigurationIsVisible = 0;
			defaultConfigurationName = Release;
		};
		A6D5F9E52B07B9970047C7A1 /* Build configuration list for PBXNativeTarget "randomactsTests" */ = {
			isa = XCConfigurationList;
			buildConfigurations = (
				A6D5F9E62B07B9970047C7A1 /* Debug */,
				A6D5F9E72B07B9970047C7A1 /* Release */,
			);
			defaultConfigurationIsVisible = 0;
			defaultConfigurationName = Release;
		};
		A6D5F9E82B07B9970047C7A1 /* Build configuration list for PBXNativeTarget "randomactsUITests" */ = {
			isa = XCConfigurationList;
			buildConfigurations = (
				A6D5F9E92B07B9970047C7A1 /* Debug */,
				A6D5F9EA2B07B9970047C7A1 /* Release */,
			);
			defaultConfigurationIsVisible = 0;
			defaultConfigurationName = Release;
		};
/* End XCConfigurationList section */
	};
	rootObject = A6D5F9B62B07B9960047C7A1 /* Project object */;
}
